// !$*UTF8*$!
{
	archiveVersion = 1;
	classes = {
	};
	objectVersion = 56;
	objects = {

/* Begin PBXBuildFile section */
		791C1DAB29C904CF00980147 /* RMOrigin.swift in Sources */ = {isa = PBXBuildFile; fileRef = 791C1DAA29C904CF00980147 /* RMOrigin.swift */; };
		791C1DAD29C9056100980147 /* RMSingleLocation.swift in Sources */ = {isa = PBXBuildFile; fileRef = 791C1DAC29C9056100980147 /* RMSingleLocation.swift */; };
		791C1DAF29C9067100980147 /* RMCharacterStatus.swift in Sources */ = {isa = PBXBuildFile; fileRef = 791C1DAE29C9067100980147 /* RMCharacterStatus.swift */; };
		791C1DB129C906E700980147 /* RMCharacterGender.swift in Sources */ = {isa = PBXBuildFile; fileRef = 791C1DB029C906E700980147 /* RMCharacterGender.swift */; };
		79BCDEDD29C8E0DB00927477 /* AppDelegate.swift in Sources */ = {isa = PBXBuildFile; fileRef = 79BCDEDC29C8E0DB00927477 /* AppDelegate.swift */; };
		79BCDEDF29C8E0DB00927477 /* SceneDelegate.swift in Sources */ = {isa = PBXBuildFile; fileRef = 79BCDEDE29C8E0DB00927477 /* SceneDelegate.swift */; };
		79BCDEE129C8E0DB00927477 /* RMTabBarController.swift in Sources */ = {isa = PBXBuildFile; fileRef = 79BCDEE029C8E0DB00927477 /* RMTabBarController.swift */; };
		79BCDEE629C8E0DC00927477 /* Assets.xcassets in Resources */ = {isa = PBXBuildFile; fileRef = 79BCDEE529C8E0DC00927477 /* Assets.xcassets */; };
		79BCDEE929C8E0DC00927477 /* LaunchScreen.storyboard in Resources */ = {isa = PBXBuildFile; fileRef = 79BCDEE729C8E0DC00927477 /* LaunchScreen.storyboard */; };
		79BCDEF929C8E3F300927477 /* RMLocation.swift in Sources */ = {isa = PBXBuildFile; fileRef = 79BCDEF829C8E3F300927477 /* RMLocation.swift */; };
		79BCDEFB29C8E40900927477 /* RMCharacter.swift in Sources */ = {isa = PBXBuildFile; fileRef = 79BCDEFA29C8E40900927477 /* RMCharacter.swift */; };
		79BCDEFD29C8E41900927477 /* RMEpisode.swift in Sources */ = {isa = PBXBuildFile; fileRef = 79BCDEFC29C8E41900927477 /* RMEpisode.swift */; };
		79BCDF0029C8E4D500927477 /* RMCharacterViewController.swift in Sources */ = {isa = PBXBuildFile; fileRef = 79BCDEFF29C8E4D500927477 /* RMCharacterViewController.swift */; };
		79BCDF0229C8E4DE00927477 /* RMLocationViewController.swift in Sources */ = {isa = PBXBuildFile; fileRef = 79BCDF0129C8E4DE00927477 /* RMLocationViewController.swift */; };
		79BCDF0429C8E4EB00927477 /* RMEpisodeViewController.swift in Sources */ = {isa = PBXBuildFile; fileRef = 79BCDF0329C8E4EB00927477 /* RMEpisodeViewController.swift */; };
		79BCDF0629C8E50600927477 /* RMSettingsViewController.swift in Sources */ = {isa = PBXBuildFile; fileRef = 79BCDF0529C8E50500927477 /* RMSettingsViewController.swift */; };
		79BCDF0829C8FDAC00927477 /* RMService.swift in Sources */ = {isa = PBXBuildFile; fileRef = 79BCDF0729C8FDAC00927477 /* RMService.swift */; };
		79BCDF0A29C8FDC500927477 /* RMRequest.swift in Sources */ = {isa = PBXBuildFile; fileRef = 79BCDF0929C8FDC500927477 /* RMRequest.swift */; };
		79BCDF0C29C8FE9000927477 /* RMEndpoint.swift in Sources */ = {isa = PBXBuildFile; fileRef = 79BCDF0B29C8FE9000927477 /* RMEndpoint.swift */; };
		79C18ABE29C9C224003E82C5 /* RMGetAllCharactersResponce.swift in Sources */ = {isa = PBXBuildFile; fileRef = 79C18ABD29C9C224003E82C5 /* RMGetAllCharactersResponce.swift */; };
		79C18AC029C9EB03003E82C5 /* RMCharacterListViewViewModel.swift in Sources */ = {isa = PBXBuildFile; fileRef = 79C18ABF29C9EB03003E82C5 /* RMCharacterListViewViewModel.swift */; };
		79C18AC229C9EBA9003E82C5 /* RMCharacterListView.swift in Sources */ = {isa = PBXBuildFile; fileRef = 79C18AC129C9EBA9003E82C5 /* RMCharacterListView.swift */; };
		79C18AC429C9F27A003E82C5 /* Extension.swift in Sources */ = {isa = PBXBuildFile; fileRef = 79C18AC329C9F27A003E82C5 /* Extension.swift */; };
		79C18AC629CC4D6E003E82C5 /* RMCharacterCollectionViewCell.swift in Sources */ = {isa = PBXBuildFile; fileRef = 79C18AC529CC4D6E003E82C5 /* RMCharacterCollectionViewCell.swift */; };
		79C18AC829CC4EE0003E82C5 /* RMCharacterCollectionViewCellViewModel.swift in Sources */ = {isa = PBXBuildFile; fileRef = 79C18AC729CC4EE0003E82C5 /* RMCharacterCollectionViewCellViewModel.swift */; };
		79C18ACB29CCEDA6003E82C5 /* RMCharacterDetailViewController.swift in Sources */ = {isa = PBXBuildFile; fileRef = 79C18ACA29CCEDA6003E82C5 /* RMCharacterDetailViewController.swift */; };
		79C18ACD29CCEE9B003E82C5 /* RMCharacterDetailView.swift in Sources */ = {isa = PBXBuildFile; fileRef = 79C18ACC29CCEE9B003E82C5 /* RMCharacterDetailView.swift */; };
		79C18ACF29CCEECF003E82C5 /* RMCharacterDetailViewViewModel.swift in Sources */ = {isa = PBXBuildFile; fileRef = 79C18ACE29CCEECF003E82C5 /* RMCharacterDetailViewViewModel.swift */; };
		79C18AD129CD8483003E82C5 /* RMFooterLoadingCollectionReusableView.swift in Sources */ = {isa = PBXBuildFile; fileRef = 79C18AD029CD8483003E82C5 /* RMFooterLoadingCollectionReusableView.swift */; };
		79C18AD329D331D6003E82C5 /* RMImageLoader.swift in Sources */ = {isa = PBXBuildFile; fileRef = 79C18AD229D331D6003E82C5 /* RMImageLoader.swift */; };
/* End PBXBuildFile section */

/* Begin PBXFileReference section */
		791C1DAA29C904CF00980147 /* RMOrigin.swift */ = {isa = PBXFileReference; lastKnownFileType = sourcecode.swift; path = RMOrigin.swift; sourceTree = "<group>"; };
		791C1DAC29C9056100980147 /* RMSingleLocation.swift */ = {isa = PBXFileReference; lastKnownFileType = sourcecode.swift; path = RMSingleLocation.swift; sourceTree = "<group>"; };
		791C1DAE29C9067100980147 /* RMCharacterStatus.swift */ = {isa = PBXFileReference; lastKnownFileType = sourcecode.swift; path = RMCharacterStatus.swift; sourceTree = "<group>"; };
		791C1DB029C906E700980147 /* RMCharacterGender.swift */ = {isa = PBXFileReference; lastKnownFileType = sourcecode.swift; path = RMCharacterGender.swift; sourceTree = "<group>"; };
		79BCDED929C8E0DB00927477 /* Rick&Morty.app */ = {isa = PBXFileReference; explicitFileType = wrapper.application; includeInIndex = 0; path = "Rick&Morty.app"; sourceTree = BUILT_PRODUCTS_DIR; };
		79BCDEDC29C8E0DB00927477 /* AppDelegate.swift */ = {isa = PBXFileReference; lastKnownFileType = sourcecode.swift; path = AppDelegate.swift; sourceTree = "<group>"; };
		79BCDEDE29C8E0DB00927477 /* SceneDelegate.swift */ = {isa = PBXFileReference; lastKnownFileType = sourcecode.swift; path = SceneDelegate.swift; sourceTree = "<group>"; };
		79BCDEE029C8E0DB00927477 /* RMTabBarController.swift */ = {isa = PBXFileReference; lastKnownFileType = sourcecode.swift; path = RMTabBarController.swift; sourceTree = "<group>"; };
		79BCDEE529C8E0DC00927477 /* Assets.xcassets */ = {isa = PBXFileReference; lastKnownFileType = folder.assetcatalog; path = Assets.xcassets; sourceTree = "<group>"; };
		79BCDEE829C8E0DC00927477 /* Base */ = {isa = PBXFileReference; lastKnownFileType = file.storyboard; name = Base; path = Base.lproj/LaunchScreen.storyboard; sourceTree = "<group>"; };
		79BCDEEA29C8E0DC00927477 /* Info.plist */ = {isa = PBXFileReference; lastKnownFileType = text.plist.xml; path = Info.plist; sourceTree = "<group>"; };
		79BCDEF829C8E3F300927477 /* RMLocation.swift */ = {isa = PBXFileReference; lastKnownFileType = sourcecode.swift; path = RMLocation.swift; sourceTree = "<group>"; };
		79BCDEFA29C8E40900927477 /* RMCharacter.swift */ = {isa = PBXFileReference; lastKnownFileType = sourcecode.swift; path = RMCharacter.swift; sourceTree = "<group>"; };
		79BCDEFC29C8E41900927477 /* RMEpisode.swift */ = {isa = PBXFileReference; lastKnownFileType = sourcecode.swift; path = RMEpisode.swift; sourceTree = "<group>"; };
		79BCDEFF29C8E4D500927477 /* RMCharacterViewController.swift */ = {isa = PBXFileReference; lastKnownFileType = sourcecode.swift; path = RMCharacterViewController.swift; sourceTree = "<group>"; };
		79BCDF0129C8E4DE00927477 /* RMLocationViewController.swift */ = {isa = PBXFileReference; lastKnownFileType = sourcecode.swift; path = RMLocationViewController.swift; sourceTree = "<group>"; };
		79BCDF0329C8E4EB00927477 /* RMEpisodeViewController.swift */ = {isa = PBXFileReference; lastKnownFileType = sourcecode.swift; path = RMEpisodeViewController.swift; sourceTree = "<group>"; };
		79BCDF0529C8E50500927477 /* RMSettingsViewController.swift */ = {isa = PBXFileReference; lastKnownFileType = sourcecode.swift; path = RMSettingsViewController.swift; sourceTree = "<group>"; };
		79BCDF0729C8FDAC00927477 /* RMService.swift */ = {isa = PBXFileReference; lastKnownFileType = sourcecode.swift; path = RMService.swift; sourceTree = "<group>"; };
		79BCDF0929C8FDC500927477 /* RMRequest.swift */ = {isa = PBXFileReference; lastKnownFileType = sourcecode.swift; path = RMRequest.swift; sourceTree = "<group>"; };
		79BCDF0B29C8FE9000927477 /* RMEndpoint.swift */ = {isa = PBXFileReference; lastKnownFileType = sourcecode.swift; path = RMEndpoint.swift; sourceTree = "<group>"; };
		79C18ABD29C9C224003E82C5 /* RMGetAllCharactersResponce.swift */ = {isa = PBXFileReference; lastKnownFileType = sourcecode.swift; path = RMGetAllCharactersResponce.swift; sourceTree = "<group>"; };
		79C18ABF29C9EB03003E82C5 /* RMCharacterListViewViewModel.swift */ = {isa = PBXFileReference; lastKnownFileType = sourcecode.swift; path = RMCharacterListViewViewModel.swift; sourceTree = "<group>"; };
		79C18AC129C9EBA9003E82C5 /* RMCharacterListView.swift */ = {isa = PBXFileReference; lastKnownFileType = sourcecode.swift; path = RMCharacterListView.swift; sourceTree = "<group>"; };
		79C18AC329C9F27A003E82C5 /* Extension.swift */ = {isa = PBXFileReference; lastKnownFileType = sourcecode.swift; path = Extension.swift; sourceTree = "<group>"; };
		79C18AC529CC4D6E003E82C5 /* RMCharacterCollectionViewCell.swift */ = {isa = PBXFileReference; lastKnownFileType = sourcecode.swift; path = RMCharacterCollectionViewCell.swift; sourceTree = "<group>"; };
		79C18AC729CC4EE0003E82C5 /* RMCharacterCollectionViewCellViewModel.swift */ = {isa = PBXFileReference; lastKnownFileType = sourcecode.swift; path = RMCharacterCollectionViewCellViewModel.swift; sourceTree = "<group>"; };
		79C18ACA29CCEDA6003E82C5 /* RMCharacterDetailViewController.swift */ = {isa = PBXFileReference; lastKnownFileType = sourcecode.swift; path = RMCharacterDetailViewController.swift; sourceTree = "<group>"; };
		79C18ACC29CCEE9B003E82C5 /* RMCharacterDetailView.swift */ = {isa = PBXFileReference; lastKnownFileType = sourcecode.swift; path = RMCharacterDetailView.swift; sourceTree = "<group>"; };
		79C18ACE29CCEECF003E82C5 /* RMCharacterDetailViewViewModel.swift */ = {isa = PBXFileReference; lastKnownFileType = sourcecode.swift; path = RMCharacterDetailViewViewModel.swift; sourceTree = "<group>"; };
		79C18AD029CD8483003E82C5 /* RMFooterLoadingCollectionReusableView.swift */ = {isa = PBXFileReference; lastKnownFileType = sourcecode.swift; path = RMFooterLoadingCollectionReusableView.swift; sourceTree = "<group>"; };
		79C18AD229D331D6003E82C5 /* RMImageLoader.swift */ = {isa = PBXFileReference; lastKnownFileType = sourcecode.swift; path = RMImageLoader.swift; sourceTree = "<group>"; };
/* End PBXFileReference section */

/* Begin PBXFrameworksBuildPhase section */
		79BCDED629C8E0DB00927477 /* Frameworks */ = {
			isa = PBXFrameworksBuildPhase;
			buildActionMask = 2147483647;
			files = (
			);
			runOnlyForDeploymentPostprocessing = 0;
		};
/* End PBXFrameworksBuildPhase section */

/* Begin PBXGroup section */
		79BCDED029C8E0DB00927477 = {
			isa = PBXGroup;
			children = (
				79BCDEDB29C8E0DB00927477 /* Rick&Morty */,
				79BCDEDA29C8E0DB00927477 /* Products */,
			);
			sourceTree = "<group>";
		};
		79BCDEDA29C8E0DB00927477 /* Products */ = {
			isa = PBXGroup;
			children = (
				79BCDED929C8E0DB00927477 /* Rick&Morty.app */,
			);
			name = Products;
			sourceTree = "<group>";
		};
		79BCDEDB29C8E0DB00927477 /* Rick&Morty */ = {
			isa = PBXGroup;
			children = (
				79BCDEF729C8E35800927477 /* Resources */,
				79BCDEF629C8E35200927477 /* Managers */,
				79BCDEF529C8E33E00927477 /* APIClient */,
				79BCDEF329C8E31B00927477 /* ViewModels */,
				79BCDEF129C8E30500927477 /* Views */,
				79BCDEF229C8E31000927477 /* Models */,
				79BCDEF029C8E2FB00927477 /* Controllers */,
				79BCDEEA29C8E0DC00927477 /* Info.plist */,
			);
			path = "Rick&Morty";
			sourceTree = "<group>";
		};
		79BCDEF029C8E2FB00927477 /* Controllers */ = {
			isa = PBXGroup;
			children = (
				79C18AC929CCED78003E82C5 /* Other */,
				79BCDEFE29C8E48D00927477 /* Core */,
			);
			path = Controllers;
			sourceTree = "<group>";
		};
		79BCDEF129C8E30500927477 /* Views */ = {
			isa = PBXGroup;
			children = (
				79C18AC129C9EBA9003E82C5 /* RMCharacterListView.swift */,
				79C18AC529CC4D6E003E82C5 /* RMCharacterCollectionViewCell.swift */,
				79C18ACC29CCEE9B003E82C5 /* RMCharacterDetailView.swift */,
				79C18AD029CD8483003E82C5 /* RMFooterLoadingCollectionReusableView.swift */,
			);
			path = Views;
			sourceTree = "<group>";
		};
		79BCDEF229C8E31000927477 /* Models */ = {
			isa = PBXGroup;
			children = (
				79C18ABC29C9C205003E82C5 /* APIResponceTypes */,
				79C18ABB29C9C1E9003E82C5 /* DataTypes */,
			);
			path = Models;
			sourceTree = "<group>";
		};
		79BCDEF329C8E31B00927477 /* ViewModels */ = {
			isa = PBXGroup;
			children = (
				79C18ABF29C9EB03003E82C5 /* RMCharacterListViewViewModel.swift */,
				79C18AC729CC4EE0003E82C5 /* RMCharacterCollectionViewCellViewModel.swift */,
				79C18ACE29CCEECF003E82C5 /* RMCharacterDetailViewViewModel.swift */,
			);
			path = ViewModels;
			sourceTree = "<group>";
		};
		79BCDEF529C8E33E00927477 /* APIClient */ = {
			isa = PBXGroup;
			children = (
				79BCDF0729C8FDAC00927477 /* RMService.swift */,
				79BCDF0929C8FDC500927477 /* RMRequest.swift */,
				79BCDF0B29C8FE9000927477 /* RMEndpoint.swift */,
			);
			path = APIClient;
			sourceTree = "<group>";
		};
		79BCDEF629C8E35200927477 /* Managers */ = {
			isa = PBXGroup;
			children = (
				79C18AD229D331D6003E82C5 /* RMImageLoader.swift */,
			);
			path = Managers;
			sourceTree = "<group>";
		};
		79BCDEF729C8E35800927477 /* Resources */ = {
			isa = PBXGroup;
			children = (
				79BCDEE529C8E0DC00927477 /* Assets.xcassets */,
				79BCDEE729C8E0DC00927477 /* LaunchScreen.storyboard */,
				79BCDEDC29C8E0DB00927477 /* AppDelegate.swift */,
				79BCDEDE29C8E0DB00927477 /* SceneDelegate.swift */,
				79C18AC329C9F27A003E82C5 /* Extension.swift */,
			);
			path = Resources;
			sourceTree = "<group>";
		};
		79BCDEFE29C8E48D00927477 /* Core */ = {
			isa = PBXGroup;
			children = (
				79BCDEE029C8E0DB00927477 /* RMTabBarController.swift */,
				79BCDEFF29C8E4D500927477 /* RMCharacterViewController.swift */,
				79BCDF0129C8E4DE00927477 /* RMLocationViewController.swift */,
				79BCDF0329C8E4EB00927477 /* RMEpisodeViewController.swift */,
				79BCDF0529C8E50500927477 /* RMSettingsViewController.swift */,
			);
			path = Core;
			sourceTree = "<group>";
		};
		79C18ABB29C9C1E9003E82C5 /* DataTypes */ = {
			isa = PBXGroup;
			children = (
				79BCDEF829C8E3F300927477 /* RMLocation.swift */,
				79BCDEFA29C8E40900927477 /* RMCharacter.swift */,
				79BCDEFC29C8E41900927477 /* RMEpisode.swift */,
				791C1DAE29C9067100980147 /* RMCharacterStatus.swift */,
				791C1DAA29C904CF00980147 /* RMOrigin.swift */,
				791C1DAC29C9056100980147 /* RMSingleLocation.swift */,
				791C1DB029C906E700980147 /* RMCharacterGender.swift */,
			);
			path = DataTypes;
			sourceTree = "<group>";
		};
		79C18ABC29C9C205003E82C5 /* APIResponceTypes */ = {
			isa = PBXGroup;
			children = (
				79C18ABD29C9C224003E82C5 /* RMGetAllCharactersResponce.swift */,
			);
			path = APIResponceTypes;
			sourceTree = "<group>";
		};
		79C18AC929CCED78003E82C5 /* Other */ = {
			isa = PBXGroup;
			children = (
				79C18ACA29CCEDA6003E82C5 /* RMCharacterDetailViewController.swift */,
			);
			path = Other;
			sourceTree = "<group>";
		};
/* End PBXGroup section */

/* Begin PBXNativeTarget section */
		79BCDED829C8E0DB00927477 /* Rick&Morty */ = {
			isa = PBXNativeTarget;
			buildConfigurationList = 79BCDEED29C8E0DC00927477 /* Build configuration list for PBXNativeTarget "Rick&Morty" */;
			buildPhases = (
				79BCDED529C8E0DB00927477 /* Sources */,
				79BCDED629C8E0DB00927477 /* Frameworks */,
				79BCDED729C8E0DB00927477 /* Resources */,
			);
			buildRules = (
			);
			dependencies = (
			);
			name = "Rick&Morty";
			productName = "Rick&Morty";
			productReference = 79BCDED929C8E0DB00927477 /* Rick&Morty.app */;
			productType = "com.apple.product-type.application";
		};
/* End PBXNativeTarget section */

/* Begin PBXProject section */
		79BCDED129C8E0DB00927477 /* Project object */ = {
			isa = PBXProject;
			attributes = {
				BuildIndependentTargetsInParallel = 1;
				LastSwiftUpdateCheck = 1420;
				LastUpgradeCheck = 1420;
				TargetAttributes = {
					79BCDED829C8E0DB00927477 = {
						CreatedOnToolsVersion = 14.2;
					};
				};
			};
			buildConfigurationList = 79BCDED429C8E0DB00927477 /* Build configuration list for PBXProject "Rick&Morty" */;
			compatibilityVersion = "Xcode 14.0";
			developmentRegion = en;
			hasScannedForEncodings = 0;
			knownRegions = (
				en,
				Base,
			);
			mainGroup = 79BCDED029C8E0DB00927477;
			productRefGroup = 79BCDEDA29C8E0DB00927477 /* Products */;
			projectDirPath = "";
			projectRoot = "";
			targets = (
				79BCDED829C8E0DB00927477 /* Rick&Morty */,
			);
		};
/* End PBXProject section */

/* Begin PBXResourcesBuildPhase section */
		79BCDED729C8E0DB00927477 /* Resources */ = {
			isa = PBXResourcesBuildPhase;
			buildActionMask = 2147483647;
			files = (
				79BCDEE929C8E0DC00927477 /* LaunchScreen.storyboard in Resources */,
				79BCDEE629C8E0DC00927477 /* Assets.xcassets in Resources */,
			);
			runOnlyForDeploymentPostprocessing = 0;
		};
/* End PBXResourcesBuildPhase section */

/* Begin PBXSourcesBuildPhase section */
		79BCDED529C8E0DB00927477 /* Sources */ = {
			isa = PBXSourcesBuildPhase;
			buildActionMask = 2147483647;
			files = (
				791C1DAB29C904CF00980147 /* RMOrigin.swift in Sources */,
				79C18ACF29CCEECF003E82C5 /* RMCharacterDetailViewViewModel.swift in Sources */,
				791C1DAD29C9056100980147 /* RMSingleLocation.swift in Sources */,
				791C1DAF29C9067100980147 /* RMCharacterStatus.swift in Sources */,
				791C1DB129C906E700980147 /* RMCharacterGender.swift in Sources */,
				79C18ABE29C9C224003E82C5 /* RMGetAllCharactersResponce.swift in Sources */,
				79BCDF0229C8E4DE00927477 /* RMLocationViewController.swift in Sources */,
				79C18ACB29CCEDA6003E82C5 /* RMCharacterDetailViewController.swift in Sources */,
				79C18AD129CD8483003E82C5 /* RMFooterLoadingCollectionReusableView.swift in Sources */,
				79BCDEFD29C8E41900927477 /* RMEpisode.swift in Sources */,
				79BCDEE129C8E0DB00927477 /* RMTabBarController.swift in Sources */,
				79BCDF0429C8E4EB00927477 /* RMEpisodeViewController.swift in Sources */,
				79C18AC629CC4D6E003E82C5 /* RMCharacterCollectionViewCell.swift in Sources */,
				79C18AC429C9F27A003E82C5 /* Extension.swift in Sources */,
				79C18AD329D331D6003E82C5 /* RMImageLoader.swift in Sources */,
				79C18AC029C9EB03003E82C5 /* RMCharacterListViewViewModel.swift in Sources */,
				79BCDEDD29C8E0DB00927477 /* AppDelegate.swift in Sources */,
				79BCDEDF29C8E0DB00927477 /* SceneDelegate.swift in Sources */,
				79BCDF0629C8E50600927477 /* RMSettingsViewController.swift in Sources */,
				79BCDF0829C8FDAC00927477 /* RMService.swift in Sources */,
				79BCDEF929C8E3F300927477 /* RMLocation.swift in Sources */,
				79C18AC229C9EBA9003E82C5 /* RMCharacterListView.swift in Sources */,
				79BCDF0C29C8FE9000927477 /* RMEndpoint.swift in Sources */,
				79C18AC829CC4EE0003E82C5 /* RMCharacterCollectionViewCellViewModel.swift in Sources */,
				79BCDEFB29C8E40900927477 /* RMCharacter.swift in Sources */,
				79BCDF0A29C8FDC500927477 /* RMRequest.swift in Sources */,
				79BCDF0029C8E4D500927477 /* RMCharacterViewController.swift in Sources */,
				79C18ACD29CCEE9B003E82C5 /* RMCharacterDetailView.swift in Sources */,
			);
			runOnlyForDeploymentPostprocessing = 0;
		};
/* End PBXSourcesBuildPhase section */

/* Begin PBXVariantGroup section */
		79BCDEE729C8E0DC00927477 /* LaunchScreen.storyboard */ = {
			isa = PBXVariantGroup;
			children = (
				79BCDEE829C8E0DC00927477 /* Base */,
			);
			name = LaunchScreen.storyboard;
			sourceTree = "<group>";
		};
/* End PBXVariantGroup section */

/* Begin XCBuildConfiguration section */
		79BCDEEB29C8E0DC00927477 /* Debug */ = {
			isa = XCBuildConfiguration;
			buildSettings = {
				ALWAYS_SEARCH_USER_PATHS = NO;
				CLANG_ANALYZER_NONNULL = YES;
				CLANG_ANALYZER_NUMBER_OBJECT_CONVERSION = YES_AGGRESSIVE;
				CLANG_CXX_LANGUAGE_STANDARD = "gnu++20";
				CLANG_ENABLE_MODULES = YES;
				CLANG_ENABLE_OBJC_ARC = YES;
				CLANG_ENABLE_OBJC_WEAK = YES;
				CLANG_WARN_BLOCK_CAPTURE_AUTORELEASING = YES;
				CLANG_WARN_BOOL_CONVERSION = YES;
				CLANG_WARN_COMMA = YES;
				CLANG_WARN_CONSTANT_CONVERSION = YES;
				CLANG_WARN_DEPRECATED_OBJC_IMPLEMENTATIONS = YES;
				CLANG_WARN_DIRECT_OBJC_ISA_USAGE = YES_ERROR;
				CLANG_WARN_DOCUMENTATION_COMMENTS = YES;
				CLANG_WARN_EMPTY_BODY = YES;
				CLANG_WARN_ENUM_CONVERSION = YES;
				CLANG_WARN_INFINITE_RECURSION = YES;
				CLANG_WARN_INT_CONVERSION = YES;
				CLANG_WARN_NON_LITERAL_NULL_CONVERSION = YES;
				CLANG_WARN_OBJC_IMPLICIT_RETAIN_SELF = YES;
				CLANG_WARN_OBJC_LITERAL_CONVERSION = YES;
				CLANG_WARN_OBJC_ROOT_CLASS = YES_ERROR;
				CLANG_WARN_QUOTED_INCLUDE_IN_FRAMEWORK_HEADER = YES;
				CLANG_WARN_RANGE_LOOP_ANALYSIS = YES;
				CLANG_WARN_STRICT_PROTOTYPES = YES;
				CLANG_WARN_SUSPICIOUS_MOVE = YES;
				CLANG_WARN_UNGUARDED_AVAILABILITY = YES_AGGRESSIVE;
				CLANG_WARN_UNREACHABLE_CODE = YES;
				CLANG_WARN__DUPLICATE_METHOD_MATCH = YES;
				COPY_PHASE_STRIP = NO;
				DEBUG_INFORMATION_FORMAT = dwarf;
				ENABLE_STRICT_OBJC_MSGSEND = YES;
				ENABLE_TESTABILITY = YES;
				GCC_C_LANGUAGE_STANDARD = gnu11;
				GCC_DYNAMIC_NO_PIC = NO;
				GCC_NO_COMMON_BLOCKS = YES;
				GCC_OPTIMIZATION_LEVEL = 0;
				GCC_PREPROCESSOR_DEFINITIONS = (
					"DEBUG=1",
					"$(inherited)",
				);
				GCC_WARN_64_TO_32_BIT_CONVERSION = YES;
				GCC_WARN_ABOUT_RETURN_TYPE = YES_ERROR;
				GCC_WARN_UNDECLARED_SELECTOR = YES;
				GCC_WARN_UNINITIALIZED_AUTOS = YES_AGGRESSIVE;
				GCC_WARN_UNUSED_FUNCTION = YES;
				GCC_WARN_UNUSED_VARIABLE = YES;
				IPHONEOS_DEPLOYMENT_TARGET = 16.2;
				MTL_ENABLE_DEBUG_INFO = INCLUDE_SOURCE;
				MTL_FAST_MATH = YES;
				ONLY_ACTIVE_ARCH = YES;
				SDKROOT = iphoneos;
				SWIFT_ACTIVE_COMPILATION_CONDITIONS = DEBUG;
				SWIFT_OPTIMIZATION_LEVEL = "-Onone";
			};
			name = Debug;
		};
		79BCDEEC29C8E0DC00927477 /* Release */ = {
			isa = XCBuildConfiguration;
			buildSettings = {
				ALWAYS_SEARCH_USER_PATHS = NO;
				CLANG_ANALYZER_NONNULL = YES;
				CLANG_ANALYZER_NUMBER_OBJECT_CONVERSION = YES_AGGRESSIVE;
				CLANG_CXX_LANGUAGE_STANDARD = "gnu++20";
				CLANG_ENABLE_MODULES = YES;
				CLANG_ENABLE_OBJC_ARC = YES;
				CLANG_ENABLE_OBJC_WEAK = YES;
				CLANG_WARN_BLOCK_CAPTURE_AUTORELEASING = YES;
				CLANG_WARN_BOOL_CONVERSION = YES;
				CLANG_WARN_COMMA = YES;
				CLANG_WARN_CONSTANT_CONVERSION = YES;
				CLANG_WARN_DEPRECATED_OBJC_IMPLEMENTATIONS = YES;
				CLANG_WARN_DIRECT_OBJC_ISA_USAGE = YES_ERROR;
				CLANG_WARN_DOCUMENTATION_COMMENTS = YES;
				CLANG_WARN_EMPTY_BODY = YES;
				CLANG_WARN_ENUM_CONVERSION = YES;
				CLANG_WARN_INFINITE_RECURSION = YES;
				CLANG_WARN_INT_CONVERSION = YES;
				CLANG_WARN_NON_LITERAL_NULL_CONVERSION = YES;
				CLANG_WARN_OBJC_IMPLICIT_RETAIN_SELF = YES;
				CLANG_WARN_OBJC_LITERAL_CONVERSION = YES;
				CLANG_WARN_OBJC_ROOT_CLASS = YES_ERROR;
				CLANG_WARN_QUOTED_INCLUDE_IN_FRAMEWORK_HEADER = YES;
				CLANG_WARN_RANGE_LOOP_ANALYSIS = YES;
				CLANG_WARN_STRICT_PROTOTYPES = YES;
				CLANG_WARN_SUSPICIOUS_MOVE = YES;
				CLANG_WARN_UNGUARDED_AVAILABILITY = YES_AGGRESSIVE;
				CLANG_WARN_UNREACHABLE_CODE = YES;
				CLANG_WARN__DUPLICATE_METHOD_MATCH = YES;
				COPY_PHASE_STRIP = NO;
				DEBUG_INFORMATION_FORMAT = "dwarf-with-dsym";
				ENABLE_NS_ASSERTIONS = NO;
				ENABLE_STRICT_OBJC_MSGSEND = YES;
				GCC_C_LANGUAGE_STANDARD = gnu11;
				GCC_NO_COMMON_BLOCKS = YES;
				GCC_WARN_64_TO_32_BIT_CONVERSION = YES;
				GCC_WARN_ABOUT_RETURN_TYPE = YES_ERROR;
				GCC_WARN_UNDECLARED_SELECTOR = YES;
				GCC_WARN_UNINITIALIZED_AUTOS = YES_AGGRESSIVE;
				GCC_WARN_UNUSED_FUNCTION = YES;
				GCC_WARN_UNUSED_VARIABLE = YES;
				IPHONEOS_DEPLOYMENT_TARGET = 16.2;
				MTL_ENABLE_DEBUG_INFO = NO;
				MTL_FAST_MATH = YES;
				SDKROOT = iphoneos;
				SWIFT_COMPILATION_MODE = wholemodule;
				SWIFT_OPTIMIZATION_LEVEL = "-O";
				VALIDATE_PRODUCT = YES;
			};
			name = Release;
		};
		79BCDEEE29C8E0DC00927477 /* Debug */ = {
			isa = XCBuildConfiguration;
			buildSettings = {
				ASSETCATALOG_COMPILER_APPICON_NAME = AppIcon;
				ASSETCATALOG_COMPILER_GLOBAL_ACCENT_COLOR_NAME = AccentColor;
				CODE_SIGN_STYLE = Automatic;
				CURRENT_PROJECT_VERSION = 1;
				DEVELOPMENT_TEAM = 3U7HNXQDHK;
				GENERATE_INFOPLIST_FILE = YES;
				INFOPLIST_FILE = "Rick&Morty/Info.plist";
				INFOPLIST_KEY_UIApplicationSupportsIndirectInputEvents = YES;
				INFOPLIST_KEY_UILaunchStoryboardName = LaunchScreen;
				INFOPLIST_KEY_UISupportedInterfaceOrientations_iPad = "UIInterfaceOrientationPortrait UIInterfaceOrientationPortraitUpsideDown UIInterfaceOrientationLandscapeLeft UIInterfaceOrientationLandscapeRight";
				INFOPLIST_KEY_UISupportedInterfaceOrientations_iPhone = "UIInterfaceOrientationPortrait UIInterfaceOrientationLandscapeLeft UIInterfaceOrientationLandscapeRight";
				LD_RUNPATH_SEARCH_PATHS = (
					"$(inherited)",
					"@executable_path/Frameworks",
				);
				MARKETING_VERSION = 1.0;
				PRODUCT_BUNDLE_IDENTIFIER = "my.Rick-Morty";
				PRODUCT_NAME = "$(TARGET_NAME)";
				SWIFT_EMIT_LOC_STRINGS = YES;
				SWIFT_VERSION = 5.0;
				TARGETED_DEVICE_FAMILY = "1,2";
			};
			name = Debug;
		};
		79BCDEEF29C8E0DC00927477 /* Release */ = {
			isa = XCBuildConfiguration;
			buildSettings = {
				ASSETCATALOG_COMPILER_APPICON_NAME = AppIcon;
				ASSETCATALOG_COMPILER_GLOBAL_ACCENT_COLOR_NAME = AccentColor;
				CODE_SIGN_STYLE = Automatic;
				CURRENT_PROJECT_VERSION = 1;
				DEVELOPMENT_TEAM = 3U7HNXQDHK;
				GENERATE_INFOPLIST_FILE = YES;
				INFOPLIST_FILE = "Rick&Morty/Info.plist";
				INFOPLIST_KEY_UIApplicationSupportsIndirectInputEvents = YES;
				INFOPLIST_KEY_UILaunchStoryboardName = LaunchScreen;
				INFOPLIST_KEY_UISupportedInterfaceOrientations_iPad = "UIInterfaceOrientationPortrait UIInterfaceOrientationPortraitUpsideDown UIInterfaceOrientationLandscapeLeft UIInterfaceOrientationLandscapeRight";
				INFOPLIST_KEY_UISupportedInterfaceOrientations_iPhone = "UIInterfaceOrientationPortrait UIInterfaceOrientationLandscapeLeft UIInterfaceOrientationLandscapeRight";
				LD_RUNPATH_SEARCH_PATHS = (
					"$(inherited)",
					"@executable_path/Frameworks",
				);
				MARKETING_VERSION = 1.0;
				PRODUCT_BUNDLE_IDENTIFIER = "my.Rick-Morty";
				PRODUCT_NAME = "$(TARGET_NAME)";
				SWIFT_EMIT_LOC_STRINGS = YES;
				SWIFT_VERSION = 5.0;
				TARGETED_DEVICE_FAMILY = "1,2";
			};
			name = Release;
		};
/* End XCBuildConfiguration section */

/* Begin XCConfigurationList section */
		79BCDED429C8E0DB00927477 /* Build configuration list for PBXProject "Rick&Morty" */ = {
			isa = XCConfigurationList;
			buildConfigurations = (
				79BCDEEB29C8E0DC00927477 /* Debug */,
				79BCDEEC29C8E0DC00927477 /* Release */,
			);
			defaultConfigurationIsVisible = 0;
			defaultConfigurationName = Release;
		};
		79BCDEED29C8E0DC00927477 /* Build configuration list for PBXNativeTarget "Rick&Morty" */ = {
			isa = XCConfigurationList;
			buildConfigurations = (
				79BCDEEE29C8E0DC00927477 /* Debug */,
				79BCDEEF29C8E0DC00927477 /* Release */,
			);
			defaultConfigurationIsVisible = 0;
			defaultConfigurationName = Release;
		};
/* End XCConfigurationList section */
	};
	rootObject = 79BCDED129C8E0DB00927477 /* Project object */;
}
